// !$*UTF8*$!
{
	archiveVersion = 1;
	classes = {
	};
	objectVersion = 77;
	objects = {

/* Begin PBXContainerItemProxy section */
		3F7D9C4F2ECC308000E02DA6 /* PBXContainerItemProxy */ = {
			isa = PBXContainerItemProxy;
			containerPortal = 3F7D9C392ECC307F00E02DA6 /* Project object */;
			proxyType = 1;
			remoteGlobalIDString = 3F7D9C402ECC307F00E02DA6;
			remoteInfo = "Mood Journal App";
		};
		3F7D9C592ECC308000E02DA6 /* PBXContainerItemProxy */ = {
			isa = PBXContainerItemProxy;
			containerPortal = 3F7D9C392ECC307F00E02DA6 /* Project object */;
			proxyType = 1;
			remoteGlobalIDString = 3F7D9C402ECC307F00E02DA6;
			remoteInfo = "Mood Journal App";
		};
/* End PBXContainerItemProxy section */

/* Begin PBXFileReference section */
		3F7D9C412ECC307F00E02DA6 /* Mood Journal App.app */ = {isa = PBXFileReference; explicitFileType = wrapper.application; includeInIndex = 0; path = "Mood Journal App.app"; sourceTree = BUILT_PRODUCTS_DIR; };
		3F7D9C4E2ECC308000E02DA6 /* Mood Journal AppTests.xctest */ = {isa = PBXFileReference; explicitFileType = wrapper.cfbundle; includeInIndex = 0; path = "Mood Journal AppTests.xctest"; sourceTree = BUILT_PRODUCTS_DIR; };
		3F7D9C582ECC308000E02DA6 /* Mood Journal AppUITests.xctest */ = {isa = PBXFileReference; explicitFileType = wrapper.cfbundle; includeInIndex = 0; path = "Mood Journal AppUITests.xctest"; sourceTree = BUILT_PRODUCTS_DIR; };
/* End PBXFileReference section */

/* Begin PBXFileSystemSynchronizedBuildFileExceptionSet section */
		3F7D9C962ECC3C5200E02DA6 /* Exceptions for "Mood Journal App" folder in "Mood Journal App" target */ = {
			isa = PBXFileSystemSynchronizedBuildFileExceptionSet;
			membershipExceptions = (
				"Mood Journal AppTests/Tests_MoodAnalyzerTests.swift",
				"Mood Journal AppUITests/UITests_JournalFlowTests.swift",
			);
			target = 3F7D9C402ECC307F00E02DA6 /* Mood Journal App */;
		};
		3F7D9C972ECC3C5200E02DA6 /* Exceptions for "Mood Journal App" folder in "Mood Journal AppTests" target */ = {
			isa = PBXFileSystemSynchronizedBuildFileExceptionSet;
			membershipExceptions = (
				"Mood Journal AppTests/Tests_MoodAnalyzerTests.swift",
			);
			target = 3F7D9C4D2ECC308000E02DA6 /* Mood Journal AppTests */;
		};
		3F7D9C9A2ECC3D0100E02DA6 /* Exceptions for "Mood Journal App" folder in "Mood Journal AppUITests" target */ = {
			isa = PBXFileSystemSynchronizedBuildFileExceptionSet;
			membershipExceptions = (
				"Mood Journal AppUITests/UITests_JournalFlowTests.swift",
			);
			target = 3F7D9C572ECC308000E02DA6 /* Mood Journal AppUITests */;
		};
/* End PBXFileSystemSynchronizedBuildFileExceptionSet section */

/* Begin PBXFileSystemSynchronizedRootGroup section */
		3F7D9C432ECC307F00E02DA6 /* Mood Journal App */ = {
			isa = PBXFileSystemSynchronizedRootGroup;
			exceptions = (
				3F7D9C962ECC3C5200E02DA6 /* Exceptions for "Mood Journal App" folder in "Mood Journal App" target */,
				3F7D9C972ECC3C5200E02DA6 /* Exceptions for "Mood Journal App" folder in "Mood Journal AppTests" target */,
				3F7D9C9A2ECC3D0100E02DA6 /* Exceptions for "Mood Journal App" folder in "Mood Journal AppUITests" target */,
			);
			path = "Mood Journal App";
			sourceTree = "<group>";
		};
/* End PBXFileSystemSynchronizedRootGroup section */

/* Begin PBXFrameworksBuildPhase section */
		3F7D9C3E2ECC307F00E02DA6 /* Frameworks */ = {
			isa = PBXFrameworksBuildPhase;
			buildActionMask = 2147483647;
			files = (
			);
			runOnlyForDeploymentPostprocessing = 0;
		};
		3F7D9C4B2ECC308000E02DA6 /* Frameworks */ = {
			isa = PBXFrameworksBuildPhase;
			buildActionMask = 2147483647;
			files = (
			);
			runOnlyForDeploymentPostprocessing = 0;
		};
		3F7D9C552ECC308000E02DA6 /* Frameworks */ = {
			isa = PBXFrameworksBuildPhase;
			buildActionMask = 2147483647;
			files = (
			);
			runOnlyForDeploymentPostprocessing = 0;
		};
/* End PBXFrameworksBuildPhase section */

/* Begin PBXGroup section */
		3F7D9C382ECC307F00E02DA6 = {
			isa = PBXGroup;
			children = (
				3F7D9C432ECC307F00E02DA6 /* Mood Journal App */,
				3F7D9C422ECC307F00E02DA6 /* Products */,
			);
			sourceTree = "<group>";
		};
		3F7D9C422ECC307F00E02DA6 /* Products */ = {
			isa = PBXGroup;
			children = (
				3F7D9C412ECC307F00E02DA6 /* Mood Journal App.app */,
				3F7D9C4E2ECC308000E02DA6 /* Mood Journal AppTests.xctest */,
				3F7D9C582ECC308000E02DA6 /* Mood Journal AppUITests.xctest */,
			);
			name = Products;
			sourceTree = "<group>";
		};
/* End PBXGroup section */

/* Begin PBXNativeTarget section */
		3F7D9C402ECC307F00E02DA6 /* Mood Journal App */ = {
			isa = PBXNativeTarget;
			buildConfigurationList = 3F7D9C622ECC308000E02DA6 /* Build configuration list for PBXNativeTarget "Mood Journal App" */;
			buildPhases = (
				3F7D9C3D2ECC307F00E02DA6 /* Sources */,
				3F7D9C3E2ECC307F00E02DA6 /* Frameworks */,
				3F7D9C3F2ECC307F00E02DA6 /* Resources */,
			);
			buildRules = (
			);
			dependencies = (
			);
			fileSystemSynchronizedGroups = (
				3F7D9C432ECC307F00E02DA6 /* Mood Journal App */,
			);
			name = "Mood Journal App";
			packageProductDependencies = (
			);
			productName = "Mood Journal App";
			productReference = 3F7D9C412ECC307F00E02DA6 /* Mood Journal App.app */;
			productType = "com.apple.product-type.application";
		};
		3F7D9C4D2ECC308000E02DA6 /* Mood Journal AppTests */ = {
			isa = PBXNativeTarget;
			buildConfigurationList = 3F7D9C652ECC308000E02DA6 /* Build configuration list for PBXNativeTarget "Mood Journal AppTests" */;
			buildPhases = (
				3F7D9C4A2ECC308000E02DA6 /* Sources */,
				3F7D9C4B2ECC308000E02DA6 /* Frameworks */,
				3F7D9C4C2ECC308000E02DA6 /* Resources */,
			);
			buildRules = (
			);
			dependencies = (
				3F7D9C502ECC308000E02DA6 /* PBXTargetDependency */,
			);
			name = "Mood Journal AppTests";
			packageProductDependencies = (
			);
			productName = "Mood Journal AppTests";
			productReference = 3F7D9C4E2ECC308000E02DA6 /* Mood Journal AppTests.xctest */;
			productType = "com.apple.product-type.bundle.unit-test";
		};
		3F7D9C572ECC308000E02DA6 /* Mood Journal AppUITests */ = {
			isa = PBXNativeTarget;
			buildConfigurationList = 3F7D9C682ECC308000E02DA6 /* Build configuration list for PBXNativeTarget "Mood Journal AppUITests" */;
			buildPhases = (
				3F7D9C542ECC308000E02DA6 /* Sources */,
				3F7D9C552ECC308000E02DA6 /* Frameworks */,
				3F7D9C562ECC308000E02DA6 /* Resources */,
			);
			buildRules = (
			);
			dependencies = (
				3F7D9C5A2ECC308000E02DA6 /* PBXTargetDependency */,
			);
			name = "Mood Journal AppUITests";
			packageProductDependencies = (
			);
			productName = "Mood Journal AppUITests";
			productReference = 3F7D9C582ECC308000E02DA6 /* Mood Journal AppUITests.xctest */;
			productType = "com.apple.product-type.bundle.ui-testing";
		};
/* End PBXNativeTarget section */

/* Begin PBXProject section */
		3F7D9C392ECC307F00E02DA6 /* Project object */ = {
			isa = PBXProject;
			attributes = {
				BuildIndependentTargetsInParallel = 1;
				LastSwiftUpdateCheck = 2600;
				LastUpgradeCheck = 2600;
				TargetAttributes = {
					3F7D9C402ECC307F00E02DA6 = {
						CreatedOnToolsVersion = 26.0.1;
						LastSwiftMigration = 2600;
					};
					3F7D9C4D2ECC308000E02DA6 = {
						CreatedOnToolsVersion = 26.0.1;
						TestTargetID = 3F7D9C402ECC307F00E02DA6;
					};
					3F7D9C572ECC308000E02DA6 = {
						CreatedOnToolsVersion = 26.0.1;
						TestTargetID = 3F7D9C402ECC307F00E02DA6;
					};
				};
			};
			buildConfigurationList = 3F7D9C3C2ECC307F00E02DA6 /* Build configuration list for PBXProject "Mood Journal App" */;
			developmentRegion = en;
			hasScannedForEncodings = 0;
			knownRegions = (
				en,
				Base,
			);
			mainGroup = 3F7D9C382ECC307F00E02DA6;
			minimizedProjectReferenceProxies = 1;
			preferredProjectObjectVersion = 77;
			productRefGroup = 3F7D9C422ECC307F00E02DA6 /* Products */;
			projectDirPath = "";
			projectRoot = "";
			targets = (
				3F7D9C402ECC307F00E02DA6 /* Mood Journal App */,
				3F7D9C4D2ECC308000E02DA6 /* Mood Journal AppTests */,
				3F7D9C572ECC308000E02DA6 /* Mood Journal AppUITests */,
			);
		};
/* End PBXProject section */

/* Begin PBXResourcesBuildPhase section */
		3F7D9C3F2ECC307F00E02DA6 /* Resources */ = {
			isa = PBXResourcesBuildPhase;
			buildActionMask = 2147483647;
			files = (
			);
			runOnlyForDeploymentPostprocessing = 0;
		};
		3F7D9C4C2ECC308000E02DA6 /* Resources */ = {
			isa = PBXResourcesBuildPhase;
			buildActionMask = 2147483647;
			files = (
			);
			runOnlyForDeploymentPostprocessing = 0;
		};
		3F7D9C562ECC308000E02DA6 /* Resources */ = {
			isa = PBXResourcesBuildPhase;
			buildActionMask = 2147483647;
			files = (
			);
			runOnlyForDeploymentPostprocessing = 0;
		};
/* End PBXResourcesBuildPhase section */

/* Begin PBXSourcesBuildPhase section */
		3F7D9C3D2ECC307F00E02DA6 /* Sources */ = {
			isa = PBXSourcesBuildPhase;
			buildActionMask = 2147483647;
			files = (
			);
			runOnlyForDeploymentPostprocessing = 0;
		};
		3F7D9C4A2ECC308000E02DA6 /* Sources */ = {
			isa = PBXSourcesBuildPhase;
			buildActionMask = 2147483647;
			files = (
			);
			runOnlyForDeploymentPostprocessing = 0;
		};
		3F7D9C542ECC308000E02DA6 /* Sources */ = {
			isa = PBXSourcesBuildPhase;
			buildActionMask = 2147483647;
			files = (
			);
			runOnlyForDeploymentPostprocessing = 0;
		};
/* End PBXSourcesBuildPhase section */

/* Begin PBXTargetDependency section */
		3F7D9C502ECC308000E02DA6 /* PBXTargetDependency */ = {
			isa = PBXTargetDependency;
			target = 3F7D9C402ECC307F00E02DA6 /* Mood Journal App */;
			targetProxy = 3F7D9C4F2ECC308000E02DA6 /* PBXContainerItemProxy */;
		};
		3F7D9C5A2ECC308000E02DA6 /* PBXTargetDependency */ = {
			isa = PBXTargetDependency;
			target = 3F7D9C402ECC307F00E02DA6 /* Mood Journal App */;
			targetProxy = 3F7D9C592ECC308000E02DA6 /* PBXContainerItemProxy */;
		};
/* End PBXTargetDependency section */

/* Begin XCBuildConfiguration section */
		3F7D9C602ECC308000E02DA6 /* Debug */ = {
			isa = XCBuildConfiguration;
			buildSettings = {
				ALWAYS_SEARCH_USER_PATHS = NO;
				ASSETCATALOG_COMPILER_GENERATE_SWIFT_ASSET_SYMBOL_EXTENSIONS = YES;
				CLANG_ANALYZER_NONNULL = YES;
				CLANG_ANALYZER_NUMBER_OBJECT_CONVERSION = YES_AGGRESSIVE;
				CLANG_CXX_LANGUAGE_STANDARD = "gnu++20";
				CLANG_ENABLE_MODULES = YES;
				CLANG_ENABLE_OBJC_ARC = YES;
				CLANG_ENABLE_OBJC_WEAK = YES;
				CLANG_WARN_BLOCK_CAPTURE_AUTORELEASING = YES;
				CLANG_WARN_BOOL_CONVERSION = YES;
				CLANG_WARN_COMMA = YES;
				CLANG_WARN_CONSTANT_CONVERSION = YES;
				CLANG_WARN_DEPRECATED_OBJC_IMPLEMENTATIONS = YES;
				CLANG_WARN_DIRECT_OBJC_ISA_USAGE = YES_ERROR;
				CLANG_WARN_DOCUMENTATION_COMMENTS = YES;
				CLANG_WARN_EMPTY_BODY = YES;
				CLANG_WARN_ENUM_CONVERSION = YES;
				CLANG_WARN_INFINITE_RECURSION = YES;
				CLANG_WARN_INT_CONVERSION = YES;
				CLANG_WARN_NON_LITERAL_NULL_CONVERSION = YES;
				CLANG_WARN_OBJC_IMPLICIT_RETAIN_SELF = YES;
				CLANG_WARN_OBJC_LITERAL_CONVERSION = YES;
				CLANG_WARN_OBJC_ROOT_CLASS = YES_ERROR;
				CLANG_WARN_QUOTED_INCLUDE_IN_FRAMEWORK_HEADER = YES;
				CLANG_WARN_RANGE_LOOP_ANALYSIS = YES;
				CLANG_WARN_STRICT_PROTOTYPES = YES;
				CLANG_WARN_SUSPICIOUS_MOVE = YES;
				CLANG_WARN_UNGUARDED_AVAILABILITY = YES_AGGRESSIVE;
				CLANG_WARN_UNREACHABLE_CODE = YES;
				CLANG_WARN__DUPLICATE_METHOD_MATCH = YES;
				COPY_PHASE_STRIP = NO;
				DEBUG_INFORMATION_FORMAT = dwarf;
				ENABLE_STRICT_OBJC_MSGSEND = YES;
				ENABLE_TESTABILITY = YES;
				ENABLE_USER_SCRIPT_SANDBOXING = YES;
				GCC_C_LANGUAGE_STANDARD = gnu17;
				GCC_DYNAMIC_NO_PIC = NO;
				GCC_NO_COMMON_BLOCKS = YES;
				GCC_OPTIMIZATION_LEVEL = 0;
				GCC_PREPROCESSOR_DEFINITIONS = (
					"DEBUG=1",
					"$(inherited)",
				);
				GCC_WARN_64_TO_32_BIT_CONVERSION = YES;
				GCC_WARN_ABOUT_RETURN_TYPE = YES_ERROR;
				GCC_WARN_UNDECLARED_SELECTOR = YES;
				GCC_WARN_UNINITIALIZED_AUTOS = YES_AGGRESSIVE;
				GCC_WARN_UNUSED_FUNCTION = YES;
				GCC_WARN_UNUSED_VARIABLE = YES;
				IPHONEOS_DEPLOYMENT_TARGET = 26.0;
				LOCALIZATION_PREFERS_STRING_CATALOGS = YES;
				MTL_ENABLE_DEBUG_INFO = INCLUDE_SOURCE;
				MTL_FAST_MATH = YES;
				ONLY_ACTIVE_ARCH = YES;
				SDKROOT = iphoneos;
				SWIFT_ACTIVE_COMPILATION_CONDITIONS = "DEBUG $(inherited)";
				SWIFT_OPTIMIZATION_LEVEL = "-Onone";
			};
			name = Debug;
		};
		3F7D9C612ECC308000E02DA6 /* Release */ = {
			isa = XCBuildConfiguration;
			buildSettings = {
				ALWAYS_SEARCH_USER_PATHS = NO;
				ASSETCATALOG_COMPILER_GENERATE_SWIFT_ASSET_SYMBOL_EXTENSIONS = YES;
				CLANG_ANALYZER_NONNULL = YES;
				CLANG_ANALYZER_NUMBER_OBJECT_CONVERSION = YES_AGGRESSIVE;
				CLANG_CXX_LANGUAGE_STANDARD = "gnu++20";
				CLANG_ENABLE_MODULES = YES;
				CLANG_ENABLE_OBJC_ARC = YES;
				CLANG_ENABLE_OBJC_WEAK = YES;
				CLANG_WARN_BLOCK_CAPTURE_AUTORELEASING = YES;
				CLANG_WARN_BOOL_CONVERSION = YES;
				CLANG_WARN_COMMA = YES;
				CLANG_WARN_CONSTANT_CONVERSION = YES;
				CLANG_WARN_DEPRECATED_OBJC_IMPLEMENTATIONS = YES;
				CLANG_WARN_DIRECT_OBJC_ISA_USAGE = YES_ERROR;
				CLANG_WARN_DOCUMENTATION_COMMENTS = YES;
				CLANG_WARN_EMPTY_BODY = YES;
				CLANG_WARN_ENUM_CONVERSION = YES;
				CLANG_WARN_INFINITE_RECURSION = YES;
				CLANG_WARN_INT_CONVERSION = YES;
				CLANG_WARN_NON_LITERAL_NULL_CONVERSION = YES;
				CLANG_WARN_OBJC_IMPLICIT_RETAIN_SELF = YES;
				CLANG_WARN_OBJC_LITERAL_CONVERSION = YES;
				CLANG_WARN_OBJC_ROOT_CLASS = YES_ERROR;
				CLANG_WARN_QUOTED_INCLUDE_IN_FRAMEWORK_HEADER = YES;
				CLANG_WARN_RANGE_LOOP_ANALYSIS = YES;
				CLANG_WARN_STRICT_PROTOTYPES = YES;
				CLANG_WARN_SUSPICIOUS_MOVE = YES;
				CLANG_WARN_UNGUARDED_AVAILABILITY = YES_AGGRESSIVE;
				CLANG_WARN_UNREACHABLE_CODE = YES;
				CLANG_WARN__DUPLICATE_METHOD_MATCH = YES;
				COPY_PHASE_STRIP = NO;
				DEBUG_INFORMATION_FORMAT = "dwarf-with-dsym";
				ENABLE_NS_ASSERTIONS = NO;
				ENABLE_STRICT_OBJC_MSGSEND = YES;
				ENABLE_USER_SCRIPT_SANDBOXING = YES;
				GCC_C_LANGUAGE_STANDARD = gnu17;
				GCC_NO_COMMON_BLOCKS = YES;
				GCC_WARN_64_TO_32_BIT_CONVERSION = YES;
				GCC_WARN_ABOUT_RETURN_TYPE = YES_ERROR;
				GCC_WARN_UNDECLARED_SELECTOR = YES;
				GCC_WARN_UNINITIALIZED_AUTOS = YES_AGGRESSIVE;
				GCC_WARN_UNUSED_FUNCTION = YES;
				GCC_WARN_UNUSED_VARIABLE = YES;
				IPHONEOS_DEPLOYMENT_TARGET = 26.0;
				LOCALIZATION_PREFERS_STRING_CATALOGS = YES;
				MTL_ENABLE_DEBUG_INFO = NO;
				MTL_FAST_MATH = YES;
				SDKROOT = iphoneos;
				SWIFT_COMPILATION_MODE = wholemodule;
				VALIDATE_PRODUCT = YES;
			};
			name = Release;
		};
		3F7D9C632ECC308000E02DA6 /* Debug */ = {
			isa = XCBuildConfiguration;
			buildSettings = {
				ASSETCATALOG_COMPILER_APPICON_NAME = AppIcon;
				ASSETCATALOG_COMPILER_GLOBAL_ACCENT_COLOR_NAME = AccentColor;
				CLANG_ENABLE_MODULES = YES;
				CODE_SIGN_STYLE = Automatic;
				CURRENT_PROJECT_VERSION = 1;
				ENABLE_PREVIEWS = YES;
				GENERATE_INFOPLIST_FILE = YES;
				INFOPLIST_KEY_CFBundleDisplayName = MindFlow;
				INFOPLIST_KEY_UIApplicationSceneManifest_Generation = YES;
				INFOPLIST_KEY_UIApplicationSupportsIndirectInputEvents = YES;
				INFOPLIST_KEY_UILaunchScreen_Generation = YES;
				INFOPLIST_KEY_UISupportedInterfaceOrientations_iPad = "UIInterfaceOrientationPortrait UIInterfaceOrientationPortraitUpsideDown UIInterfaceOrientationLandscapeLeft UIInterfaceOrientationLandscapeRight";
				INFOPLIST_KEY_UISupportedInterfaceOrientations_iPhone = "UIInterfaceOrientationPortrait UIInterfaceOrientationLandscapeLeft UIInterfaceOrientationLandscapeRight";
				LD_RUNPATH_SEARCH_PATHS = (
					"$(inherited)",
					"@executable_path/Frameworks",
				);
				MARKETING_VERSION = 1.0;
				PRODUCT_BUNDLE_IDENTIFIER = "Mood-Journal-App.Mood-Journal-App";
				PRODUCT_NAME = "$(TARGET_NAME)";
				STRING_CATALOG_GENERATE_SYMBOLS = YES;
				SWIFT_APPROACHABLE_CONCURRENCY = YES;
				SWIFT_DEFAULT_ACTOR_ISOLATION = MainActor;
				SWIFT_EMIT_LOC_STRINGS = YES;
				SWIFT_OPTIMIZATION_LEVEL = "-Onone";
				SWIFT_UPCOMING_FEATURE_MEMBER_IMPORT_VISIBILITY = YES;
				SWIFT_VERSION = 5.0;
				TARGETED_DEVICE_FAMILY = "1,2";
			};
			name = Debug;
		};
		3F7D9C642ECC308000E02DA6 /* Release */ = {
			isa = XCBuildConfiguration;
			buildSettings = {
				ASSETCATALOG_COMPILER_APPICON_NAME = AppIcon;
				ASSETCATALOG_COMPILER_GLOBAL_ACCENT_COLOR_NAME = AccentColor;
				CLANG_ENABLE_MODULES = YES;
				CODE_SIGN_STYLE = Automatic;
				CURRENT_PROJECT_VERSION = 1;
				ENABLE_PREVIEWS = YES;
				GENERATE_INFOPLIST_FILE = YES;
				INFOPLIST_KEY_CFBundleDisplayName = MindFlow;
				INFOPLIST_KEY_UIApplicationSceneManifest_Generation = YES;
				INFOPLIST_KEY_UIApplicationSupportsIndirectInputEvents = YES;
				INFOPLIST_KEY_UILaunchScreen_Generation = YES;
				INFOPLIST_KEY_UISupportedInterfaceOrientations_iPad = "UIInterfaceOrientationPortrait UIInterfaceOrientationPortraitUpsideDown UIInterfaceOrientationLandscapeLeft UIInterfaceOrientationLandscapeRight";
				INFOPLIST_KEY_UISupportedInterfaceOrientations_iPhone = "UIInterfaceOrientationPortrait UIInterfaceOrientationLandscapeLeft UIInterfaceOrientationLandscapeRight";
				LD_RUNPATH_SEARCH_PATHS = (
					"$(inherited)",
					"@executable_path/Frameworks",
				);
				MARKETING_VERSION = 1.0;
				PRODUCT_BUNDLE_IDENTIFIER = "Mood-Journal-App.Mood-Journal-App";
				PRODUCT_NAME = "$(TARGET_NAME)";
				STRING_CATALOG_GENERATE_SYMBOLS = YES;
				SWIFT_APPROACHABLE_CONCURRENCY = YES;
				SWIFT_DEFAULT_ACTOR_ISOLATION = MainActor;
				SWIFT_EMIT_LOC_STRINGS = YES;
				SWIFT_UPCOMING_FEATURE_MEMBER_IMPORT_VISIBILITY = YES;
				SWIFT_VERSION = 5.0;
				TARGETED_DEVICE_FAMILY = "1,2";
			};
			name = Release;
		};
		3F7D9C662ECC308000E02DA6 /* Debug */ = {
			isa = XCBuildConfiguration;
			buildSettings = {
				BUNDLE_LOADER = "$(TEST_HOST)";
				CODE_SIGN_STYLE = Automatic;
				CURRENT_PROJECT_VERSION = 1;
				GENERATE_INFOPLIST_FILE = YES;
				IPHONEOS_DEPLOYMENT_TARGET = 26.0;
				MARKETING_VERSION = 1.0;
				PRODUCT_BUNDLE_IDENTIFIER = "Mood-Journal-App.Mood-Journal-AppTests";
				PRODUCT_NAME = "$(TARGET_NAME)";
				STRING_CATALOG_GENERATE_SYMBOLS = NO;
				SWIFT_APPROACHABLE_CONCURRENCY = YES;
				SWIFT_EMIT_LOC_STRINGS = NO;
				SWIFT_UPCOMING_FEATURE_MEMBER_IMPORT_VISIBILITY = YES;
				SWIFT_VERSION = 5.0;
				TARGETED_DEVICE_FAMILY = "1,2";
				TEST_HOST = "$(BUILT_PRODUCTS_DIR)/Mood Journal App.app/$(BUNDLE_EXECUTABLE_FOLDER_PATH)/Mood Journal App";
			};
			name = Debug;
		};
		3F7D9C672ECC308000E02DA6 /* Release */ = {
			isa = XCBuildConfiguration;
			buildSettings = {
				BUNDLE_LOADER = "$(TEST_HOST)";
				CODE_SIGN_STYLE = Automatic;
				CURRENT_PROJECT_VERSION = 1;
				GENERATE_INFOPLIST_FILE = YES;
				IPHONEOS_DEPLOYMENT_TARGET = 26.0;
				MARKETING_VERSION = 1.0;
				PRODUCT_BUNDLE_IDENTIFIER = "Mood-Journal-App.Mood-Journal-AppTests";
				PRODUCT_NAME = "$(TARGET_NAME)";
				STRING_CATALOG_GENERATE_SYMBOLS = NO;
				SWIFT_APPROACHABLE_CONCURRENCY = YES;
				SWIFT_EMIT_LOC_STRINGS = NO;
				SWIFT_UPCOMING_FEATURE_MEMBER_IMPORT_VISIBILITY = YES;
				SWIFT_VERSION = 5.0;
				TARGETED_DEVICE_FAMILY = "1,2";
				TEST_HOST = "$(BUILT_PRODUCTS_DIR)/Mood Journal App.app/$(BUNDLE_EXECUTABLE_FOLDER_PATH)/Mood Journal App";
			};
			name = Release;
		};
		3F7D9C692ECC308000E02DA6 /* Debug */ = {
			isa = XCBuildConfiguration;
			buildSettings = {
				CODE_SIGN_STYLE = Automatic;
				CURRENT_PROJECT_VERSION = 1;
				GENERATE_INFOPLIST_FILE = YES;
				MARKETING_VERSION = 1.0;
				PRODUCT_BUNDLE_IDENTIFIER = "Mood-Journal-App.Mood-Journal-AppUITests";
				PRODUCT_NAME = "$(TARGET_NAME)";
				STRING_CATALOG_GENERATE_SYMBOLS = NO;
				SWIFT_APPROACHABLE_CONCURRENCY = YES;
				SWIFT_EMIT_LOC_STRINGS = NO;
				SWIFT_UPCOMING_FEATURE_MEMBER_IMPORT_VISIBILITY = YES;
				SWIFT_VERSION = 5.0;
				TARGETED_DEVICE_FAMILY = "1,2";
				TEST_TARGET_NAME = "Mood Journal App";
			};
			name = Debug;
		};
		3F7D9C6A2ECC308000E02DA6 /* Release */ = {
			isa = XCBuildConfiguration;
			buildSettings = {
				CODE_SIGN_STYLE = Automatic;
				CURRENT_PROJECT_VERSION = 1;
				GENERATE_INFOPLIST_FILE = YES;
				MARKETING_VERSION = 1.0;
				PRODUCT_BUNDLE_IDENTIFIER = "Mood-Journal-App.Mood-Journal-AppUITests";
				PRODUCT_NAME = "$(TARGET_NAME)";
				STRING_CATALOG_GENERATE_SYMBOLS = NO;
				SWIFT_APPROACHABLE_CONCURRENCY = YES;
				SWIFT_EMIT_LOC_STRINGS = NO;
				SWIFT_UPCOMING_FEATURE_MEMBER_IMPORT_VISIBILITY = YES;
				SWIFT_VERSION = 5.0;
				TARGETED_DEVICE_FAMILY = "1,2";
				TEST_TARGET_NAME = "Mood Journal App";
			};
			name = Release;
		};
/* End XCBuildConfiguration section */

/* Begin XCConfigurationList section */
		3F7D9C3C2ECC307F00E02DA6 /* Build configuration list for PBXProject "Mood Journal App" */ = {
			isa = XCConfigurationList;
			buildConfigurations = (
				3F7D9C602ECC308000E02DA6 /* Debug */,
				3F7D9C612ECC308000E02DA6 /* Release */,
			);
			defaultConfigurationIsVisible = 0;
			defaultConfigurationName = Release;
		};
		3F7D9C622ECC308000E02DA6 /* Build configuration list for PBXNativeTarget "Mood Journal App" */ = {
			isa = XCConfigurationList;
			buildConfigurations = (
				3F7D9C632ECC308000E02DA6 /* Debug */,
				3F7D9C642ECC308000E02DA6 /* Release */,
			);
			defaultConfigurationIsVisible = 0;
			defaultConfigurationName = Release;
		};
		3F7D9C652ECC308000E02DA6 /* Build configuration list for PBXNativeTarget "Mood Journal AppTests" */ = {
			isa = XCConfigurationList;
			buildConfigurations = (
				3F7D9C662ECC308000E02DA6 /* Debug */,
				3F7D9C672ECC308000E02DA6 /* Release */,
			);
			defaultConfigurationIsVisible = 0;
			defaultConfigurationName = Release;
		};
		3F7D9C682ECC308000E02DA6 /* Build configuration list for PBXNativeTarget "Mood Journal AppUITests" */ = {
			isa = XCConfigurationList;
			buildConfigurations = (
				3F7D9C692ECC308000E02DA6 /* Debug */,
				3F7D9C6A2ECC308000E02DA6 /* Release */,
			);
			defaultConfigurationIsVisible = 0;
			defaultConfigurationName = Release;
		};
/* End XCConfigurationList section */
	};
	rootObject = 3F7D9C392ECC307F00E02DA6 /* Project object */;
}
